
Microsoft Visual Studio Solution File, Format Version 12.00
# Visual Studio Version 16
VisualStudioVersion = 16.0.29519.87
MinimumVisualStudioVersion = 10.0.40219.1
Project("{FAE04EC0-301F-11D3-BF4B-00C04F79EFBC}") = "gestionDnD", "gestionDnD\gestionDnD.csproj", "{EB463AFE-2C74-4AB0-99C4-3225F8D326D5}"
EndProject
Global
	GlobalSection(SolutionConfigurationPlatforms) = preSolution
		Debug|Any CPU = Debug|Any CPU
		Release|Any CPU = Release|Any CPU
	EndGlobalSection
	GlobalSection(ProjectConfigurationPlatforms) = postSolution
		{EB463AFE-2C74-4AB0-99C4-3225F8D326D5}.Debug|Any CPU.ActiveCfg = Debug|Any CPU
		{EB463AFE-2C74-4AB0-99C4-3225F8D326D5}.Debug|Any CPU.Build.0 = Debug|Any CPU
		{EB463AFE-2C74-4AB0-99C4-3225F8D326D5}.Release|Any CPU.ActiveCfg = Release|Any CPU
		{EB463AFE-2C74-4AB0-99C4-3225F8D326D5}.Release|Any CPU.Build.0 = Release|Any CPU
	EndGlobalSection
	GlobalSection(SolutionProperties) = preSolution
		HideSolutionNode = FALSE
	EndGlobalSection
	GlobalSection(ExtensibilityGlobals) = postSolution
		SolutionGuid = {0462557F-F682-4C78-AF92-71BEDA40D0DA}
	EndGlobalSection
EndGlobal
